// !$*UTF8*$!
{
	archiveVersion = 1;
	classes = {
	};
	objectVersion = 50;
	objects = {

/* Begin PBXBuildFile section */
		423A95B325469EE40082C567 /* AppDelegate.swift in Sources */ = {isa = PBXBuildFile; fileRef = 423A95B225469EE40082C567 /* AppDelegate.swift */; };
		423A95B525469EE40082C567 /* SceneDelegate.swift in Sources */ = {isa = PBXBuildFile; fileRef = 423A95B425469EE40082C567 /* SceneDelegate.swift */; };
		423A95B725469EE40082C567 /* ViewController.swift in Sources */ = {isa = PBXBuildFile; fileRef = 423A95B625469EE40082C567 /* ViewController.swift */; };
		423A95BA25469EE40082C567 /* Main.storyboard in Resources */ = {isa = PBXBuildFile; fileRef = 423A95B825469EE40082C567 /* Main.storyboard */; };
		423A95BC25469EE70082C567 /* Assets.xcassets in Resources */ = {isa = PBXBuildFile; fileRef = 423A95BB25469EE70082C567 /* Assets.xcassets */; };
		423A95BF25469EE70082C567 /* LaunchScreen.storyboard in Resources */ = {isa = PBXBuildFile; fileRef = 423A95BD25469EE70082C567 /* LaunchScreen.storyboard */; };
		423A95CA25469EE70082C567 /* MapTests.swift in Sources */ = {isa = PBXBuildFile; fileRef = 423A95C925469EE70082C567 /* MapTests.swift */; };
		423A95D525469EE70082C567 /* MapUITests.swift in Sources */ = {isa = PBXBuildFile; fileRef = 423A95D425469EE70082C567 /* MapUITests.swift */; };
		42EE29552547EDF900946118 /* LocationCooordinatorHelper.swift in Sources */ = {isa = PBXBuildFile; fileRef = 42EE29542547EDF900946118 /* LocationCooordinatorHelper.swift */; };
		42EE29A22548189D00946118 /* Adress.swift in Sources */ = {isa = PBXBuildFile; fileRef = 42EE29A12548189D00946118 /* Adress.swift */; };
/* End PBXBuildFile section */

/* Begin PBXContainerItemProxy section */
		423A95C625469EE70082C567 /* PBXContainerItemProxy */ = {
			isa = PBXContainerItemProxy;
			containerPortal = 423A95A725469EE40082C567 /* Project object */;
			proxyType = 1;
			remoteGlobalIDString = 423A95AE25469EE40082C567;
			remoteInfo = Map;
		};
		423A95D125469EE70082C567 /* PBXContainerItemProxy */ = {
			isa = PBXContainerItemProxy;
			containerPortal = 423A95A725469EE40082C567 /* Project object */;
			proxyType = 1;
			remoteGlobalIDString = 423A95AE25469EE40082C567;
			remoteInfo = Map;
		};
/* End PBXContainerItemProxy section */

/* Begin PBXFileReference section */
		423A95AF25469EE40082C567 /* Map.app */ = {isa = PBXFileReference; explicitFileType = wrapper.application; includeInIndex = 0; path = Map.app; sourceTree = BUILT_PRODUCTS_DIR; };
		423A95B225469EE40082C567 /* AppDelegate.swift */ = {isa = PBXFileReference; lastKnownFileType = sourcecode.swift; path = AppDelegate.swift; sourceTree = "<group>"; };
		423A95B425469EE40082C567 /* SceneDelegate.swift */ = {isa = PBXFileReference; lastKnownFileType = sourcecode.swift; path = SceneDelegate.swift; sourceTree = "<group>"; };
		423A95B625469EE40082C567 /* ViewController.swift */ = {isa = PBXFileReference; lastKnownFileType = sourcecode.swift; path = ViewController.swift; sourceTree = "<group>"; };
		423A95B925469EE40082C567 /* Base */ = {isa = PBXFileReference; lastKnownFileType = file.storyboard; name = Base; path = Base.lproj/Main.storyboard; sourceTree = "<group>"; };
		423A95BB25469EE70082C567 /* Assets.xcassets */ = {isa = PBXFileReference; lastKnownFileType = folder.assetcatalog; path = Assets.xcassets; sourceTree = "<group>"; };
		423A95BE25469EE70082C567 /* Base */ = {isa = PBXFileReference; lastKnownFileType = file.storyboard; name = Base; path = Base.lproj/LaunchScreen.storyboard; sourceTree = "<group>"; };
		423A95C025469EE70082C567 /* Info.plist */ = {isa = PBXFileReference; lastKnownFileType = text.plist.xml; path = Info.plist; sourceTree = "<group>"; };
		423A95C525469EE70082C567 /* MapTests.xctest */ = {isa = PBXFileReference; explicitFileType = wrapper.cfbundle; includeInIndex = 0; path = MapTests.xctest; sourceTree = BUILT_PRODUCTS_DIR; };
		423A95C925469EE70082C567 /* MapTests.swift */ = {isa = PBXFileReference; lastKnownFileType = sourcecode.swift; path = MapTests.swift; sourceTree = "<group>"; };
		423A95CB25469EE70082C567 /* Info.plist */ = {isa = PBXFileReference; lastKnownFileType = text.plist.xml; path = Info.plist; sourceTree = "<group>"; };
		423A95D025469EE70082C567 /* MapUITests.xctest */ = {isa = PBXFileReference; explicitFileType = wrapper.cfbundle; includeInIndex = 0; path = MapUITests.xctest; sourceTree = BUILT_PRODUCTS_DIR; };
		423A95D425469EE70082C567 /* MapUITests.swift */ = {isa = PBXFileReference; lastKnownFileType = sourcecode.swift; path = MapUITests.swift; sourceTree = "<group>"; };
		423A95D625469EE70082C567 /* Info.plist */ = {isa = PBXFileReference; lastKnownFileType = text.plist.xml; path = Info.plist; sourceTree = "<group>"; };
		42EE29542547EDF900946118 /* LocationCooordinatorHelper.swift */ = {isa = PBXFileReference; lastKnownFileType = sourcecode.swift; path = LocationCooordinatorHelper.swift; sourceTree = "<group>"; };
		42EE29A12548189D00946118 /* Adress.swift */ = {isa = PBXFileReference; lastKnownFileType = sourcecode.swift; path = Adress.swift; sourceTree = "<group>"; };
/* End PBXFileReference section */

/* Begin PBXFrameworksBuildPhase section */
		423A95AC25469EE40082C567 /* Frameworks */ = {
			isa = PBXFrameworksBuildPhase;
			buildActionMask = 2147483647;
			files = (
			);
			runOnlyForDeploymentPostprocessing = 0;
		};
		423A95C225469EE70082C567 /* Frameworks */ = {
			isa = PBXFrameworksBuildPhase;
			buildActionMask = 2147483647;
			files = (
			);
			runOnlyForDeploymentPostprocessing = 0;
		};
		423A95CD25469EE70082C567 /* Frameworks */ = {
			isa = PBXFrameworksBuildPhase;
			buildActionMask = 2147483647;
			files = (
			);
			runOnlyForDeploymentPostprocessing = 0;
		};
/* End PBXFrameworksBuildPhase section */

/* Begin PBXGroup section */
		423A95A625469EE40082C567 = {
			isa = PBXGroup;
			children = (
				423A95B125469EE40082C567 /* Map */,
				423A95C825469EE70082C567 /* MapTests */,
				423A95D325469EE70082C567 /* MapUITests */,
				423A95B025469EE40082C567 /* Products */,
			);
			sourceTree = "<group>";
		};
		423A95B025469EE40082C567 /* Products */ = {
			isa = PBXGroup;
			children = (
				423A95AF25469EE40082C567 /* Map.app */,
				423A95C525469EE70082C567 /* MapTests.xctest */,
				423A95D025469EE70082C567 /* MapUITests.xctest */,
			);
			name = Products;
			sourceTree = "<group>";
		};
		423A95B125469EE40082C567 /* Map */ = {
			isa = PBXGroup;
			children = (
				423A95B225469EE40082C567 /* AppDelegate.swift */,
				423A95B425469EE40082C567 /* SceneDelegate.swift */,
				423A95B625469EE40082C567 /* ViewController.swift */,
				42EE29542547EDF900946118 /* LocationCooordinatorHelper.swift */,
				42EE29A12548189D00946118 /* Adress.swift */,
				423A95B825469EE40082C567 /* Main.storyboard */,
				423A95BB25469EE70082C567 /* Assets.xcassets */,
				423A95BD25469EE70082C567 /* LaunchScreen.storyboard */,
				423A95C025469EE70082C567 /* Info.plist */,
			);
			path = Map;
			sourceTree = "<group>";
		};
		423A95C825469EE70082C567 /* MapTests */ = {
			isa = PBXGroup;
			children = (
				423A95C925469EE70082C567 /* MapTests.swift */,
				423A95CB25469EE70082C567 /* Info.plist */,
			);
			path = MapTests;
			sourceTree = "<group>";
		};
		423A95D325469EE70082C567 /* MapUITests */ = {
			isa = PBXGroup;
			children = (
				423A95D425469EE70082C567 /* MapUITests.swift */,
				423A95D625469EE70082C567 /* Info.plist */,
			);
			path = MapUITests;
			sourceTree = "<group>";
		};
/* End PBXGroup section */

/* Begin PBXNativeTarget section */
		423A95AE25469EE40082C567 /* Map */ = {
			isa = PBXNativeTarget;
			buildConfigurationList = 423A95D925469EE70082C567 /* Build configuration list for PBXNativeTarget "Map" */;
			buildPhases = (
				423A95AB25469EE40082C567 /* Sources */,
				423A95AC25469EE40082C567 /* Frameworks */,
				423A95AD25469EE40082C567 /* Resources */,
			);
			buildRules = (
			);
			dependencies = (
			);
			name = Map;
			productName = Map;
			productReference = 423A95AF25469EE40082C567 /* Map.app */;
			productType = "com.apple.product-type.application";
		};
		423A95C425469EE70082C567 /* MapTests */ = {
			isa = PBXNativeTarget;
			buildConfigurationList = 423A95DC25469EE70082C567 /* Build configuration list for PBXNativeTarget "MapTests" */;
			buildPhases = (
				423A95C125469EE70082C567 /* Sources */,
				423A95C225469EE70082C567 /* Frameworks */,
				423A95C325469EE70082C567 /* Resources */,
			);
			buildRules = (
			);
			dependencies = (
				423A95C725469EE70082C567 /* PBXTargetDependency */,
			);
			name = MapTests;
			productName = MapTests;
			productReference = 423A95C525469EE70082C567 /* MapTests.xctest */;
			productType = "com.apple.product-type.bundle.unit-test";
		};
		423A95CF25469EE70082C567 /* MapUITests */ = {
			isa = PBXNativeTarget;
			buildConfigurationList = 423A95DF25469EE70082C567 /* Build configuration list for PBXNativeTarget "MapUITests" */;
			buildPhases = (
				423A95CC25469EE70082C567 /* Sources */,
				423A95CD25469EE70082C567 /* Frameworks */,
				423A95CE25469EE70082C567 /* Resources */,
			);
			buildRules = (
			);
			dependencies = (
				423A95D225469EE70082C567 /* PBXTargetDependency */,
			);
			name = MapUITests;
			productName = MapUITests;
			productReference = 423A95D025469EE70082C567 /* MapUITests.xctest */;
			productType = "com.apple.product-type.bundle.ui-testing";
		};
/* End PBXNativeTarget section */

/* Begin PBXProject section */
		423A95A725469EE40082C567 /* Project object */ = {
			isa = PBXProject;
			attributes = {
				LastSwiftUpdateCheck = 1200;
				LastUpgradeCheck = 1200;
				TargetAttributes = {
					423A95AE25469EE40082C567 = {
						CreatedOnToolsVersion = 12.0.1;
					};
					423A95C425469EE70082C567 = {
						CreatedOnToolsVersion = 12.0.1;
						TestTargetID = 423A95AE25469EE40082C567;
					};
					423A95CF25469EE70082C567 = {
						CreatedOnToolsVersion = 12.0.1;
						TestTargetID = 423A95AE25469EE40082C567;
					};
				};
			};
			buildConfigurationList = 423A95AA25469EE40082C567 /* Build configuration list for PBXProject "Map" */;
			compatibilityVersion = "Xcode 9.3";
			developmentRegion = en;
			hasScannedForEncodings = 0;
			knownRegions = (
				en,
				Base,
			);
			mainGroup = 423A95A625469EE40082C567;
			productRefGroup = 423A95B025469EE40082C567 /* Products */;
			projectDirPath = "";
			projectRoot = "";
			targets = (
				423A95AE25469EE40082C567 /* Map */,
				423A95C425469EE70082C567 /* MapTests */,
				423A95CF25469EE70082C567 /* MapUITests */,
			);
		};
/* End PBXProject section */

/* Begin PBXResourcesBuildPhase section */
		423A95AD25469EE40082C567 /* Resources */ = {
			isa = PBXResourcesBuildPhase;
			buildActionMask = 2147483647;
			files = (
				423A95BF25469EE70082C567 /* LaunchScreen.storyboard in Resources */,
				423A95BC25469EE70082C567 /* Assets.xcassets in Resources */,
				423A95BA25469EE40082C567 /* Main.storyboard in Resources */,
			);
			runOnlyForDeploymentPostprocessing = 0;
		};
		423A95C325469EE70082C567 /* Resources */ = {
			isa = PBXResourcesBuildPhase;
			buildActionMask = 2147483647;
			files = (
			);
			runOnlyForDeploymentPostprocessing = 0;
		};
		423A95CE25469EE70082C567 /* Resources */ = {
			isa = PBXResourcesBuildPhase;
			buildActionMask = 2147483647;
			files = (
			);
			runOnlyForDeploymentPostprocessing = 0;
		};
/* End PBXResourcesBuildPhase section */

/* Begin PBXSourcesBuildPhase section */
		423A95AB25469EE40082C567 /* Sources */ = {
			isa = PBXSourcesBuildPhase;
			buildActionMask = 2147483647;
			files = (
				423A95B725469EE40082C567 /* ViewController.swift in Sources */,
				423A95B325469EE40082C567 /* AppDelegate.swift in Sources */,
				42EE29552547EDF900946118 /* LocationCooordinatorHelper.swift in Sources */,
				42EE29A22548189D00946118 /* Adress.swift in Sources */,
				423A95B525469EE40082C567 /* SceneDelegate.swift in Sources */,
			);
			runOnlyForDeploymentPostprocessing = 0;
		};
		423A95C125469EE70082C567 /* Sources */ = {
			isa = PBXSourcesBuildPhase;
			buildActionMask = 2147483647;
			files = (
				423A95CA25469EE70082C567 /* MapTests.swift in Sources */,
			);
			runOnlyForDeploymentPostprocessing = 0;
		};
		423A95CC25469EE70082C567 /* Sources */ = {
			isa = PBXSourcesBuildPhase;
			buildActionMask = 2147483647;
			files = (
				423A95D525469EE70082C567 /* MapUITests.swift in Sources */,
			);
			runOnlyForDeploymentPostprocessing = 0;
		};
/* End PBXSourcesBuildPhase section */

/* Begin PBXTargetDependency section */
		423A95C725469EE70082C567 /* PBXTargetDependency */ = {
			isa = PBXTargetDependency;
			target = 423A95AE25469EE40082C567 /* Map */;
			targetProxy = 423A95C625469EE70082C567 /* PBXContainerItemProxy */;
		};
		423A95D225469EE70082C567 /* PBXTargetDependency */ = {
			isa = PBXTargetDependency;
			target = 423A95AE25469EE40082C567 /* Map */;
			targetProxy = 423A95D125469EE70082C567 /* PBXContainerItemProxy */;
		};
/* End PBXTargetDependency section */

/* Begin PBXVariantGroup section */
		423A95B825469EE40082C567 /* Main.storyboard */ = {
			isa = PBXVariantGroup;
			children = (
				423A95B925469EE40082C567 /* Base */,
			);
			name = Main.storyboard;
			sourceTree = "<group>";
		};
		423A95BD25469EE70082C567 /* LaunchScreen.storyboard */ = {
			isa = PBXVariantGroup;
			children = (
				423A95BE25469EE70082C567 /* Base */,
			);
			name = LaunchScreen.storyboard;
			sourceTree = "<group>";
		};
/* End PBXVariantGroup section */

/* Begin XCBuildConfiguration section */
		423A95D725469EE70082C567 /* Debug */ = {
			isa = XCBuildConfiguration;
			buildSettings = {
				ALWAYS_SEARCH_USER_PATHS = NO;
				CLANG_ANALYZER_NONNULL = YES;
				CLANG_ANALYZER_NUMBER_OBJECT_CONVERSION = YES_AGGRESSIVE;
				CLANG_CXX_LANGUAGE_STANDARD = "gnu++14";
				CLANG_CXX_LIBRARY = "libc++";
				CLANG_ENABLE_MODULES = YES;
				CLANG_ENABLE_OBJC_ARC = YES;
				CLANG_ENABLE_OBJC_WEAK = YES;
				CLANG_WARN_BLOCK_CAPTURE_AUTORELEASING = YES;
				CLANG_WARN_BOOL_CONVERSION = YES;
				CLANG_WARN_COMMA = YES;
				CLANG_WARN_CONSTANT_CONVERSION = YES;
				CLANG_WARN_DEPRECATED_OBJC_IMPLEMENTATIONS = YES;
				CLANG_WARN_DIRECT_OBJC_ISA_USAGE = YES_ERROR;
				CLANG_WARN_DOCUMENTATION_COMMENTS = YES;
				CLANG_WARN_EMPTY_BODY = YES;
				CLANG_WARN_ENUM_CONVERSION = YES;
				CLANG_WARN_INFINITE_RECURSION = YES;
				CLANG_WARN_INT_CONVERSION = YES;
				CLANG_WARN_NON_LITERAL_NULL_CONVERSION = YES;
				CLANG_WARN_OBJC_IMPLICIT_RETAIN_SELF = YES;
				CLANG_WARN_OBJC_LITERAL_CONVERSION = YES;
				CLANG_WARN_OBJC_ROOT_CLASS = YES_ERROR;
				CLANG_WARN_QUOTED_INCLUDE_IN_FRAMEWORK_HEADER = YES;
				CLANG_WARN_RANGE_LOOP_ANALYSIS = YES;
				CLANG_WARN_STRICT_PROTOTYPES = YES;
				CLANG_WARN_SUSPICIOUS_MOVE = YES;
				CLANG_WARN_UNGUARDED_AVAILABILITY = YES_AGGRESSIVE;
				CLANG_WARN_UNREACHABLE_CODE = YES;
				CLANG_WARN__DUPLICATE_METHOD_MATCH = YES;
				COPY_PHASE_STRIP = NO;
				DEBUG_INFORMATION_FORMAT = dwarf;
				ENABLE_STRICT_OBJC_MSGSEND = YES;
				ENABLE_TESTABILITY = YES;
				GCC_C_LANGUAGE_STANDARD = gnu11;
				GCC_DYNAMIC_NO_PIC = NO;
				GCC_NO_COMMON_BLOCKS = YES;
				GCC_OPTIMIZATION_LEVEL = 0;
				GCC_PREPROCESSOR_DEFINITIONS = (
					"DEBUG=1",
					"$(inherited)",
				);
				GCC_WARN_64_TO_32_BIT_CONVERSION = YES;
				GCC_WARN_ABOUT_RETURN_TYPE = YES_ERROR;
				GCC_WARN_UNDECLARED_SELECTOR = YES;
				GCC_WARN_UNINITIALIZED_AUTOS = YES_AGGRESSIVE;
				GCC_WARN_UNUSED_FUNCTION = YES;
				GCC_WARN_UNUSED_VARIABLE = YES;
				IPHONEOS_DEPLOYMENT_TARGET = 14.0;
				MTL_ENABLE_DEBUG_INFO = INCLUDE_SOURCE;
				MTL_FAST_MATH = YES;
				ONLY_ACTIVE_ARCH = YES;
				SDKROOT = iphoneos;
				SWIFT_ACTIVE_COMPILATION_CONDITIONS = DEBUG;
				SWIFT_OPTIMIZATION_LEVEL = "-Onone";
			};
			name = Debug;
		};
		423A95D825469EE70082C567 /* Release */ = {
			isa = XCBuildConfiguration;
			buildSettings = {
				ALWAYS_SEARCH_USER_PATHS = NO;
				CLANG_ANALYZER_NONNULL = YES;
				CLANG_ANALYZER_NUMBER_OBJECT_CONVERSION = YES_AGGRESSIVE;
				CLANG_CXX_LANGUAGE_STANDARD = "gnu++14";
				CLANG_CXX_LIBRARY = "libc++";
				CLANG_ENABLE_MODULES = YES;
				CLANG_ENABLE_OBJC_ARC = YES;
				CLANG_ENABLE_OBJC_WEAK = YES;
				CLANG_WARN_BLOCK_CAPTURE_AUTORELEASING = YES;
				CLANG_WARN_BOOL_CONVERSION = YES;
				CLANG_WARN_COMMA = YES;
				CLANG_WARN_CONSTANT_CONVERSION = YES;
				CLANG_WARN_DEPRECATED_OBJC_IMPLEMENTATIONS = YES;
				CLANG_WARN_DIRECT_OBJC_ISA_USAGE = YES_ERROR;
				CLANG_WARN_DOCUMENTATION_COMMENTS = YES;
				CLANG_WARN_EMPTY_BODY = YES;
				CLANG_WARN_ENUM_CONVERSION = YES;
				CLANG_WARN_INFINITE_RECURSION = YES;
				CLANG_WARN_INT_CONVERSION = YES;
				CLANG_WARN_NON_LITERAL_NULL_CONVERSION = YES;
				CLANG_WARN_OBJC_IMPLICIT_RETAIN_SELF = YES;
				CLANG_WARN_OBJC_LITERAL_CONVERSION = YES;
				CLANG_WARN_OBJC_ROOT_CLASS = YES_ERROR;
				CLANG_WARN_QUOTED_INCLUDE_IN_FRAMEWORK_HEADER = YES;
				CLANG_WARN_RANGE_LOOP_ANALYSIS = YES;
				CLANG_WARN_STRICT_PROTOTYPES = YES;
				CLANG_WARN_SUSPICIOUS_MOVE = YES;
				CLANG_WARN_UNGUARDED_AVAILABILITY = YES_AGGRESSIVE;
				CLANG_WARN_UNREACHABLE_CODE = YES;
				CLANG_WARN__DUPLICATE_METHOD_MATCH = YES;
				COPY_PHASE_STRIP = NO;
				DEBUG_INFORMATION_FORMAT = "dwarf-with-dsym";
				ENABLE_NS_ASSERTIONS = NO;
				ENABLE_STRICT_OBJC_MSGSEND = YES;
				GCC_C_LANGUAGE_STANDARD = gnu11;
				GCC_NO_COMMON_BLOCKS = YES;
				GCC_WARN_64_TO_32_BIT_CONVERSION = YES;
				GCC_WARN_ABOUT_RETURN_TYPE = YES_ERROR;
				GCC_WARN_UNDECLARED_SELECTOR = YES;
				GCC_WARN_UNINITIALIZED_AUTOS = YES_AGGRESSIVE;
				GCC_WARN_UNUSED_FUNCTION = YES;
				GCC_WARN_UNUSED_VARIABLE = YES;
				IPHONEOS_DEPLOYMENT_TARGET = 14.0;
				MTL_ENABLE_DEBUG_INFO = NO;
				MTL_FAST_MATH = YES;
				SDKROOT = iphoneos;
				SWIFT_COMPILATION_MODE = wholemodule;
				SWIFT_OPTIMIZATION_LEVEL = "-O";
				VALIDATE_PRODUCT = YES;
			};
			name = Release;
		};
		423A95DA25469EE70082C567 /* Debug */ = {
			isa = XCBuildConfiguration;
			buildSettings = {
				ASSETCATALOG_COMPILER_APPICON_NAME = AppIcon;
				ASSETCATALOG_COMPILER_GLOBAL_ACCENT_COLOR_NAME = AccentColor;
				CODE_SIGN_STYLE = Automatic;
				DEVELOPMENT_TEAM = 9U382B3P2J;
				INFOPLIST_FILE = Map/Info.plist;
				IPHONEOS_DEPLOYMENT_TARGET = 13.0;
				LD_RUNPATH_SEARCH_PATHS = (
					"$(inherited)",
					"@executable_path/Frameworks",
				);
				PRODUCT_BUNDLE_IDENTIFIER = deneme.Map;
				PRODUCT_NAME = "$(TARGET_NAME)";
				SWIFT_VERSION = 5.0;
				TARGETED_DEVICE_FAMILY = "1,2";
			};
			name = Debug;
		};
		423A95DB25469EE70082C567 /* Release */ = {
			isa = XCBuildConfiguration;
			buildSettings = {
				ASSETCATALOG_COMPILER_APPICON_NAME = AppIcon;
				ASSETCATALOG_COMPILER_GLOBAL_ACCENT_COLOR_NAME = AccentColor;
				CODE_SIGN_STYLE = Automatic;
				DEVELOPMENT_TEAM = 9U382B3P2J;
				INFOPLIST_FILE = Map/Info.plist;
				IPHONEOS_DEPLOYMENT_TARGET = 13.0;
				LD_RUNPATH_SEARCH_PATHS = (
					"$(inherited)",
					"@executable_path/Frameworks",
				);
				PRODUCT_BUNDLE_IDENTIFIER = deneme.Map;
				PRODUCT_NAME = "$(TARGET_NAME)";
				SWIFT_VERSION = 5.0;
				TARGETED_DEVICE_FAMILY = "1,2";
			};
			name = Release;
		};
		423A95DD25469EE70082C567 /* Debug */ = {
			isa = XCBuildConfiguration;
			buildSettings = {
				ALWAYS_EMBED_SWIFT_STANDARD_LIBRARIES = YES;
				BUNDLE_LOADER = "$(TEST_HOST)";
				CODE_SIGN_STYLE = Automatic;
				DEVELOPMENT_TEAM = 9U382B3P2J;
				INFOPLIST_FILE = MapTests/Info.plist;
				IPHONEOS_DEPLOYMENT_TARGET = 14.0;
				LD_RUNPATH_SEARCH_PATHS = (
					"$(inherited)",
					"@executable_path/Frameworks",
					"@loader_path/Frameworks",
				);
				PRODUCT_BUNDLE_IDENTIFIER = deneme.MapTests;
				PRODUCT_NAME = "$(TARGET_NAME)";
				SWIFT_VERSION = 5.0;
				TARGETED_DEVICE_FAMILY = "1,2";
				TEST_HOST = "$(BUILT_PRODUCTS_DIR)/Map.app/Map";
			};
			name = Debug;
		};
		423A95DE25469EE70082C567 /* Release */ = {
			isa = XCBuildConfiguration;
			buildSettings = {
				ALWAYS_EMBED_SWIFT_STANDARD_LIBRARIES = YES;
				BUNDLE_LOADER = "$(TEST_HOST)";
				CODE_SIGN_STYLE = Automatic;
				DEVELOPMENT_TEAM = 9U382B3P2J;
				INFOPLIST_FILE = MapTests/Info.plist;
				IPHONEOS_DEPLOYMENT_TARGET = 14.0;
				LD_RUNPATH_SEARCH_PATHS = (
					"$(inherited)",
					"@executable_path/Frameworks",
					"@loader_path/Frameworks",
				);
				PRODUCT_BUNDLE_IDENTIFIER = deneme.MapTests;
				PRODUCT_NAME = "$(TARGET_NAME)";
				SWIFT_VERSION = 5.0;
				TARGETED_DEVICE_FAMILY = "1,2";
				TEST_HOST = "$(BUILT_PRODUCTS_DIR)/Map.app/Map";
			};
			name = Release;
		};
		423A95E025469EE70082C567 /* Debug */ = {
			isa = XCBuildConfiguration;
			buildSettings = {
				ALWAYS_EMBED_SWIFT_STANDARD_LIBRARIES = YES;
				CODE_SIGN_STYLE = Automatic;
				DEVELOPMENT_TEAM = 9U382B3P2J;
				INFOPLIST_FILE = MapUITests/Info.plist;
				LD_RUNPATH_SEARCH_PATHS = (
					"$(inherited)",
					"@executable_path/Frameworks",
					"@loader_path/Frameworks",
				);
				PRODUCT_BUNDLE_IDENTIFIER = deneme.MapUITests;
				PRODUCT_NAME = "$(TARGET_NAME)";
				SWIFT_VERSION = 5.0;
				TARGETED_DEVICE_FAMILY = "1,2";
				TEST_TARGET_NAME = Map;
			};
			name = Debug;
		};
		423A95E125469EE70082C567 /* Release */ = {
			isa = XCBuildConfiguration;
			buildSettings = {
				ALWAYS_EMBED_SWIFT_STANDARD_LIBRARIES = YES;
				CODE_SIGN_STYLE = Automatic;
				DEVELOPMENT_TEAM = 9U382B3P2J;
				INFOPLIST_FILE = MapUITests/Info.plist;
				LD_RUNPATH_SEARCH_PATHS = (
					"$(inherited)",
					"@executable_path/Frameworks",
					"@loader_path/Frameworks",
				);
				PRODUCT_BUNDLE_IDENTIFIER = deneme.MapUITests;
				PRODUCT_NAME = "$(TARGET_NAME)";
				SWIFT_VERSION = 5.0;
				TARGETED_DEVICE_FAMILY = "1,2";
				TEST_TARGET_NAME = Map;
			};
			name = Release;
		};
/* End XCBuildConfiguration section */

/* Begin XCConfigurationList section */
		423A95AA25469EE40082C567 /* Build configuration list for PBXProject "Map" */ = {
			isa = XCConfigurationList;
			buildConfigurations = (
				423A95D725469EE70082C567 /* Debug */,
				423A95D825469EE70082C567 /* Release */,
			);
			defaultConfigurationIsVisible = 0;
			defaultConfigurationName = Release;
		};
		423A95D925469EE70082C567 /* Build configuration list for PBXNativeTarget "Map" */ = {
			isa = XCConfigurationList;
			buildConfigurations = (
				423A95DA25469EE70082C567 /* Debug */,
				423A95DB25469EE70082C567 /* Release */,
			);
			defaultConfigurationIsVisible = 0;
			defaultConfigurationName = Release;
		};
		423A95DC25469EE70082C567 /* Build configuration list for PBXNativeTarget "MapTests" */ = {
			isa = XCConfigurationList;
			buildConfigurations = (
				423A95DD25469EE70082C567 /* Debug */,
				423A95DE25469EE70082C567 /* Release */,
			);
			defaultConfigurationIsVisible = 0;
			defaultConfigurationName = Release;
		};
		423A95DF25469EE70082C567 /* Build configuration list for PBXNativeTarget "MapUITests" */ = {
			isa = XCConfigurationList;
			buildConfigurations = (
				423A95E025469EE70082C567 /* Debug */,
				423A95E125469EE70082C567 /* Release */,
			);
			defaultConfigurationIsVisible = 0;
			defaultConfigurationName = Release;
		};
/* End XCConfigurationList section */
	};
	rootObject = 423A95A725469EE40082C567 /* Project object */;
}
